
Microsoft Visual Studio Solution File, Format Version 12.00
# Visual Studio Version 17
VisualStudioVersion = 17.8.34330.188
MinimumVisualStudioVersion = 10.0.40219.1
Project("{2150E333-8FDC-42A3-9474-1A3956D46DE8}") = "Documents", "Documents", "{3A6A37CF-C1D1-4518-8F0F-A4B0609BB865}"
EndProject
Project("{2150E333-8FDC-42A3-9474-1A3956D46DE8}") = "Src", "Src", "{EEE4F899-E07E-4A82-A9E2-E8F4ABFE7C55}"
EndProject
Project("{2150E333-8FDC-42A3-9474-1A3956D46DE8}") = "Infrastructures", "Infrastructures", "{91D86BD4-8BFC-408F-B73D-539F100A7289}"
EndProject
Project("{2150E333-8FDC-42A3-9474-1A3956D46DE8}") = "Presentation", "Presentation", "{F38228E4-D382-485E-B0A7-58C5150370E0}"
EndProject
Project("{2150E333-8FDC-42A3-9474-1A3956D46DE8}") = "Tests", "Tests", "{289A8292-1189-4EE0-92E6-72A9E23E1713}"
EndProject
Project("{2150E333-8FDC-42A3-9474-1A3956D46DE8}") = "SolutionItems", "SolutionItems", "{FFC72E10-BA57-482F-88A9-8BF3F4A5CEBA}"
EndProject
Project("{2150E333-8FDC-42A3-9474-1A3956D46DE8}") = "Core", "Core", "{51084A6A-0792-4480-9449-90331678035E}"
EndProject
Project("{FAE04EC0-301F-11D3-BF4B-00C04F79EFBC}") = "Application", "Application\Application.csproj", "{0716A5EF-DEEC-4E66-8832-6F5846E53057}"
EndProject
Project("{FAE04EC0-301F-11D3-BF4B-00C04F79EFBC}") = "Domain", "Domain\Domain.csproj", "{988F567A-FE23-4C01-BC5D-55E1ADB88CC5}"
EndProject
Project("{FAE04EC0-301F-11D3-BF4B-00C04F79EFBC}") = "Infrastructure", "Infrastructure\Infrastructure.csproj", "{40B09EA8-48BE-4750-B24F-E26CB5DC3881}"
EndProject
Project("{FAE04EC0-301F-11D3-BF4B-00C04F79EFBC}") = "Persistence", "Persistence\Persistence.csproj", "{2ED450A8-7DD5-4353-953B-B4712100D014}"
EndProject
Project("{FAE04EC0-301F-11D3-BF4B-00C04F79EFBC}") = "WebSite", "WebSite\WebSite.csproj", "{5B93971E-70D7-442F-8ED8-70C4B38E405E}"
EndProject
Global
	GlobalSection(SolutionConfigurationPlatforms) = preSolution
		Debug|Any CPU = Debug|Any CPU
		Release|Any CPU = Release|Any CPU
	EndGlobalSection
	GlobalSection(ProjectConfigurationPlatforms) = postSolution
		{0716A5EF-DEEC-4E66-8832-6F5846E53057}.Debug|Any CPU.ActiveCfg = Debug|Any CPU
		{0716A5EF-DEEC-4E66-8832-6F5846E53057}.Debug|Any CPU.Build.0 = Debug|Any CPU
		{0716A5EF-DEEC-4E66-8832-6F5846E53057}.Release|Any CPU.ActiveCfg = Release|Any CPU
		{0716A5EF-DEEC-4E66-8832-6F5846E53057}.Release|Any CPU.Build.0 = Release|Any CPU
		{988F567A-FE23-4C01-BC5D-55E1ADB88CC5}.Debug|Any CPU.ActiveCfg = Debug|Any CPU
		{988F567A-FE23-4C01-BC5D-55E1ADB88CC5}.Debug|Any CPU.Build.0 = Debug|Any CPU
		{988F567A-FE23-4C01-BC5D-55E1ADB88CC5}.Release|Any CPU.ActiveCfg = Release|Any CPU
		{988F567A-FE23-4C01-BC5D-55E1ADB88CC5}.Release|Any CPU.Build.0 = Release|Any CPU
		{40B09EA8-48BE-4750-B24F-E26CB5DC3881}.Debug|Any CPU.ActiveCfg = Debug|Any CPU
		{40B09EA8-48BE-4750-B24F-E26CB5DC3881}.Debug|Any CPU.Build.0 = Debug|Any CPU
		{40B09EA8-48BE-4750-B24F-E26CB5DC3881}.Release|Any CPU.ActiveCfg = Release|Any CPU
		{40B09EA8-48BE-4750-B24F-E26CB5DC3881}.Release|Any CPU.Build.0 = Release|Any CPU
		{2ED450A8-7DD5-4353-953B-B4712100D014}.Debug|Any CPU.ActiveCfg = Debug|Any CPU
		{2ED450A8-7DD5-4353-953B-B4712100D014}.Debug|Any CPU.Build.0 = Debug|Any CPU
		{2ED450A8-7DD5-4353-953B-B4712100D014}.Release|Any CPU.ActiveCfg = Release|Any CPU
		{2ED450A8-7DD5-4353-953B-B4712100D014}.Release|Any CPU.Build.0 = Release|Any CPU
		{5B93971E-70D7-442F-8ED8-70C4B38E405E}.Debug|Any CPU.ActiveCfg = Debug|Any CPU
		{5B93971E-70D7-442F-8ED8-70C4B38E405E}.Debug|Any CPU.Build.0 = Debug|Any CPU
		{5B93971E-70D7-442F-8ED8-70C4B38E405E}.Release|Any CPU.ActiveCfg = Release|Any CPU
		{5B93971E-70D7-442F-8ED8-70C4B38E405E}.Release|Any CPU.Build.0 = Release|Any CPU
	EndGlobalSection
	GlobalSection(SolutionProperties) = preSolution
		HideSolutionNode = FALSE
	EndGlobalSection
	GlobalSection(NestedProjects) = preSolution
		{91D86BD4-8BFC-408F-B73D-539F100A7289} = {EEE4F899-E07E-4A82-A9E2-E8F4ABFE7C55}
		{F38228E4-D382-485E-B0A7-58C5150370E0} = {EEE4F899-E07E-4A82-A9E2-E8F4ABFE7C55}
		{51084A6A-0792-4480-9449-90331678035E} = {EEE4F899-E07E-4A82-A9E2-E8F4ABFE7C55}
		{0716A5EF-DEEC-4E66-8832-6F5846E53057} = {51084A6A-0792-4480-9449-90331678035E}
		{988F567A-FE23-4C01-BC5D-55E1ADB88CC5} = {51084A6A-0792-4480-9449-90331678035E}
		{40B09EA8-48BE-4750-B24F-E26CB5DC3881} = {91D86BD4-8BFC-408F-B73D-539F100A7289}
		{2ED450A8-7DD5-4353-953B-B4712100D014} = {91D86BD4-8BFC-408F-B73D-539F100A7289}
		{5B93971E-70D7-442F-8ED8-70C4B38E405E} = {F38228E4-D382-485E-B0A7-58C5150370E0}
	EndGlobalSection
	GlobalSection(ExtensibilityGlobals) = postSolution
		SolutionGuid = {D9424EA2-D709-464B-ABFE-5F1BDC244B20}
	EndGlobalSection
EndGlobal
